
Microsoft Visual Studio Solution File, Format Version 12.00
# Visual Studio Version 16
VisualStudioVersion = 16.0.30204.135
MinimumVisualStudioVersion = 10.0.40219.1
Project("{FAE04EC0-301F-11D3-BF4B-00C04F79EFBC}") = "Cadastro_Funcionario", "Cadastro_Funcionario\Cadastro_Funcionario.csproj", "{3192FA01-4DDC-4647-92BE-556A23AA54CA}"
EndProject
Global
	GlobalSection(SolutionConfigurationPlatforms) = preSolution
		Debug|Any CPU = Debug|Any CPU
		Release|Any CPU = Release|Any CPU
	EndGlobalSection
	GlobalSection(ProjectConfigurationPlatforms) = postSolution
		{3192FA01-4DDC-4647-92BE-556A23AA54CA}.Debug|Any CPU.ActiveCfg = Debug|Any CPU
		{3192FA01-4DDC-4647-92BE-556A23AA54CA}.Debug|Any CPU.Build.0 = Debug|Any CPU
		{3192FA01-4DDC-4647-92BE-556A23AA54CA}.Release|Any CPU.ActiveCfg = Release|Any CPU
		{3192FA01-4DDC-4647-92BE-556A23AA54CA}.Release|Any CPU.Build.0 = Release|Any CPU
	EndGlobalSection
	GlobalSection(SolutionProperties) = preSolution
		HideSolutionNode = FALSE
	EndGlobalSection
	GlobalSection(ExtensibilityGlobals) = postSolution
		SolutionGuid = {D273B616-EA07-4F15-A372-6A1506EB6950}
	EndGlobalSection
EndGlobal
